
Microsoft Visual Studio Solution File, Format Version 12.00
# Visual Studio Version 17
VisualStudioVersion = 17.5.33530.505
MinimumVisualStudioVersion = 10.0.40219.1
Project("{FAE04EC0-301F-11D3-BF4B-00C04F79EFBC}") = "Alarma", "Alarma\Alarma.csproj", "{DDC148A6-9676-45A1-A31F-B3F694D92E74}"
EndProject
Global
	GlobalSection(SolutionConfigurationPlatforms) = preSolution
		Debug|Any CPU = Debug|Any CPU
		Release|Any CPU = Release|Any CPU
	EndGlobalSection
	GlobalSection(ProjectConfigurationPlatforms) = postSolution
		{DDC148A6-9676-45A1-A31F-B3F694D92E74}.Debug|Any CPU.ActiveCfg = Debug|Any CPU
		{DDC148A6-9676-45A1-A31F-B3F694D92E74}.Debug|Any CPU.Build.0 = Debug|Any CPU
		{DDC148A6-9676-45A1-A31F-B3F694D92E74}.Release|Any CPU.ActiveCfg = Release|Any CPU
		{DDC148A6-9676-45A1-A31F-B3F694D92E74}.Release|Any CPU.Build.0 = Release|Any CPU
	EndGlobalSection
	GlobalSection(SolutionProperties) = preSolution
		HideSolutionNode = FALSE
	EndGlobalSection
	GlobalSection(ExtensibilityGlobals) = postSolution
		SolutionGuid = {B46980F5-9A0E-4431-A3AD-7779FDA525BA}
	EndGlobalSection
EndGlobal
